
Microsoft Visual Studio Solution File, Format Version 12.00
# Visual Studio Version 17
VisualStudioVersion = 17.9.34616.47
MinimumVisualStudioVersion = 10.0.40219.1
Project("{9A19103F-16F7-4668-BE54-9A1E7A4F7556}") = "DanilovSoft.Socks5Server", "DanilovSoft.Socks5Server\DanilovSoft.Socks5Server.csproj", "{5DA0C0BB-79E2-4D9A-A8C9-E99F77C2047A}"
EndProject
Project("{2150E333-8FDC-42A3-9474-1A3956D46DE8}") = "Solution Items", "Solution Items", "{0A7E54C4-6915-41C9-9E79-78BA76CA93FB}"
	ProjectSection(SolutionItems) = preProject
		.editorconfig = .editorconfig
		build_image.bat = build_image.bat
		ReadMe.txt = ReadMe.txt
	EndProjectSection
EndProject
Project("{9A19103F-16F7-4668-BE54-9A1E7A4F7556}") = "SOCKS5Server.App", "SOCKS5Server\SOCKS5Server.App.csproj", "{2159C37D-06D4-45A6-8B63-795D098FAA0B}"
EndProject
Project("{2150E333-8FDC-42A3-9474-1A3956D46DE8}") = "Tests", "Tests", "{C98E22AE-42D3-4EC6-A5BF-482FA3024F49}"
EndProject
Project("{E53339B2-1760-4266-BCC7-CA923CBCF16C}") = "docker-compose", "docker-compose.dcproj", "{64B42578-BAB9-477E-B549-B62E3DFE5FE7}"
EndProject
Global
	GlobalSection(SolutionConfigurationPlatforms) = preSolution
		Debug|Any CPU = Debug|Any CPU
		Debug|x64 = Debug|x64
		Release|Any CPU = Release|Any CPU
		Release|x64 = Release|x64
	EndGlobalSection
	GlobalSection(ProjectConfigurationPlatforms) = postSolution
		{5DA0C0BB-79E2-4D9A-A8C9-E99F77C2047A}.Debug|Any CPU.ActiveCfg = Debug|Any CPU
		{5DA0C0BB-79E2-4D9A-A8C9-E99F77C2047A}.Debug|Any CPU.Build.0 = Debug|Any CPU
		{5DA0C0BB-79E2-4D9A-A8C9-E99F77C2047A}.Debug|x64.ActiveCfg = Debug|x64
		{5DA0C0BB-79E2-4D9A-A8C9-E99F77C2047A}.Debug|x64.Build.0 = Debug|x64
		{5DA0C0BB-79E2-4D9A-A8C9-E99F77C2047A}.Release|Any CPU.ActiveCfg = Release|Any CPU
		{5DA0C0BB-79E2-4D9A-A8C9-E99F77C2047A}.Release|Any CPU.Build.0 = Release|Any CPU
		{5DA0C0BB-79E2-4D9A-A8C9-E99F77C2047A}.Release|x64.ActiveCfg = Release|x64
		{5DA0C0BB-79E2-4D9A-A8C9-E99F77C2047A}.Release|x64.Build.0 = Release|x64
		{2159C37D-06D4-45A6-8B63-795D098FAA0B}.Debug|Any CPU.ActiveCfg = Debug|Any CPU
		{2159C37D-06D4-45A6-8B63-795D098FAA0B}.Debug|Any CPU.Build.0 = Debug|Any CPU
		{2159C37D-06D4-45A6-8B63-795D098FAA0B}.Debug|x64.ActiveCfg = Debug|x64
		{2159C37D-06D4-45A6-8B63-795D098FAA0B}.Debug|x64.Build.0 = Debug|x64
		{2159C37D-06D4-45A6-8B63-795D098FAA0B}.Release|Any CPU.ActiveCfg = Release|Any CPU
		{2159C37D-06D4-45A6-8B63-795D098FAA0B}.Release|Any CPU.Build.0 = Release|Any CPU
		{2159C37D-06D4-45A6-8B63-795D098FAA0B}.Release|x64.ActiveCfg = Release|x64
		{2159C37D-06D4-45A6-8B63-795D098FAA0B}.Release|x64.Build.0 = Release|x64
		{64B42578-BAB9-477E-B549-B62E3DFE5FE7}.Debug|Any CPU.ActiveCfg = Debug|Any CPU
		{64B42578-BAB9-477E-B549-B62E3DFE5FE7}.Debug|Any CPU.Build.0 = Debug|Any CPU
		{64B42578-BAB9-477E-B549-B62E3DFE5FE7}.Debug|x64.ActiveCfg = Debug|Any CPU
		{64B42578-BAB9-477E-B549-B62E3DFE5FE7}.Debug|x64.Build.0 = Debug|Any CPU
		{64B42578-BAB9-477E-B549-B62E3DFE5FE7}.Release|Any CPU.ActiveCfg = Release|Any CPU
		{64B42578-BAB9-477E-B549-B62E3DFE5FE7}.Release|Any CPU.Build.0 = Release|Any CPU
		{64B42578-BAB9-477E-B549-B62E3DFE5FE7}.Release|x64.ActiveCfg = Release|Any CPU
		{64B42578-BAB9-477E-B549-B62E3DFE5FE7}.Release|x64.Build.0 = Release|Any CPU
	EndGlobalSection
	GlobalSection(SolutionProperties) = preSolution
		HideSolutionNode = FALSE
	EndGlobalSection
	GlobalSection(ExtensibilityGlobals) = postSolution
		SolutionGuid = {C1D52734-5F7E-4A04-A8DD-24907A9764F9}
	EndGlobalSection
EndGlobal
